
Microsoft Visual Studio Solution File, Format Version 12.00
# Visual Studio 2012
Project("{FAE04EC0-301F-11D3-BF4B-00C04F79EFBC}") = "AgendaAssistant.Web", "AgendaAssistant.Web\AgendaAssistant.Web.csproj", "{E26D959F-2D6A-43D7-8BDD-A835B2EFD1B9}"
EndProject
Project("{FAE04EC0-301F-11D3-BF4B-00C04F79EFBC}") = "AgendaAssistant.Entities", "AgendaAssistant.Entities\AgendaAssistant.Entities.csproj", "{CA95586A-1C6D-457F-BAE4-C0707D603633}"
EndProject
Project("{FAE04EC0-301F-11D3-BF4B-00C04F79EFBC}") = "AgendaAssistant.Services", "AgendaAssistant.Services\AgendaAssistant.Services.csproj", "{54C07956-CC9D-4B6B-9BAB-7496F48630BD}"
EndProject
Project("{FAE04EC0-301F-11D3-BF4B-00C04F79EFBC}") = "AgendaAssistant.Repositories", "AgendaAssistant.Repositories\AgendaAssistant.Repositories.csproj", "{3059CB2F-61AE-48A6-9C87-6FEBE53D3DE3}"
EndProject
Project("{2150E333-8FDC-42A3-9474-1A3956D46DE8}") = "Common", "Common", "{9C8F87B5-0E9A-4800-BD71-CF1483F6461D}"
	ProjectSection(SolutionItems) = preProject
		Common\ESB_API_34.dll = Common\ESB_API_34.dll
		Common\HVUtil.dll = Common\HVUtil.dll
	EndProjectSection
EndProject
Project("{FAE04EC0-301F-11D3-BF4B-00C04F79EFBC}") = "AgendaAssistant.Tests", "AgendaAssistant.Tests\AgendaAssistant.Tests.csproj", "{49D97F65-12AB-414F-A494-A31E6E9E5980}"
EndProject
Project("{FAE04EC0-301F-11D3-BF4B-00C04F79EFBC}") = "AgendaAssistant.DB", "AgendaAssistant.DB\AgendaAssistant.DB.csproj", "{D29F1907-FDD5-4EA6-BF77-FD290FA072D1}"
EndProject
Global
	GlobalSection(SolutionConfigurationPlatforms) = preSolution
		Debug|Any CPU = Debug|Any CPU
		Release|Any CPU = Release|Any CPU
	EndGlobalSection
	GlobalSection(ProjectConfigurationPlatforms) = postSolution
		{E26D959F-2D6A-43D7-8BDD-A835B2EFD1B9}.Debug|Any CPU.ActiveCfg = Debug|Any CPU
		{E26D959F-2D6A-43D7-8BDD-A835B2EFD1B9}.Debug|Any CPU.Build.0 = Debug|Any CPU
		{E26D959F-2D6A-43D7-8BDD-A835B2EFD1B9}.Release|Any CPU.ActiveCfg = Release|Any CPU
		{E26D959F-2D6A-43D7-8BDD-A835B2EFD1B9}.Release|Any CPU.Build.0 = Release|Any CPU
		{CA95586A-1C6D-457F-BAE4-C0707D603633}.Debug|Any CPU.ActiveCfg = Debug|Any CPU
		{CA95586A-1C6D-457F-BAE4-C0707D603633}.Debug|Any CPU.Build.0 = Debug|Any CPU
		{CA95586A-1C6D-457F-BAE4-C0707D603633}.Release|Any CPU.ActiveCfg = Release|Any CPU
		{CA95586A-1C6D-457F-BAE4-C0707D603633}.Release|Any CPU.Build.0 = Release|Any CPU
		{54C07956-CC9D-4B6B-9BAB-7496F48630BD}.Debug|Any CPU.ActiveCfg = Debug|Any CPU
		{54C07956-CC9D-4B6B-9BAB-7496F48630BD}.Debug|Any CPU.Build.0 = Debug|Any CPU
		{54C07956-CC9D-4B6B-9BAB-7496F48630BD}.Release|Any CPU.ActiveCfg = Release|Any CPU
		{54C07956-CC9D-4B6B-9BAB-7496F48630BD}.Release|Any CPU.Build.0 = Release|Any CPU
		{3059CB2F-61AE-48A6-9C87-6FEBE53D3DE3}.Debug|Any CPU.ActiveCfg = Debug|Any CPU
		{3059CB2F-61AE-48A6-9C87-6FEBE53D3DE3}.Debug|Any CPU.Build.0 = Debug|Any CPU
		{3059CB2F-61AE-48A6-9C87-6FEBE53D3DE3}.Release|Any CPU.ActiveCfg = Release|Any CPU
		{3059CB2F-61AE-48A6-9C87-6FEBE53D3DE3}.Release|Any CPU.Build.0 = Release|Any CPU
		{49D97F65-12AB-414F-A494-A31E6E9E5980}.Debug|Any CPU.ActiveCfg = Debug|Any CPU
		{49D97F65-12AB-414F-A494-A31E6E9E5980}.Debug|Any CPU.Build.0 = Debug|Any CPU
		{49D97F65-12AB-414F-A494-A31E6E9E5980}.Release|Any CPU.ActiveCfg = Release|Any CPU
		{49D97F65-12AB-414F-A494-A31E6E9E5980}.Release|Any CPU.Build.0 = Release|Any CPU
		{D29F1907-FDD5-4EA6-BF77-FD290FA072D1}.Debug|Any CPU.ActiveCfg = Debug|Any CPU
		{D29F1907-FDD5-4EA6-BF77-FD290FA072D1}.Debug|Any CPU.Build.0 = Debug|Any CPU
		{D29F1907-FDD5-4EA6-BF77-FD290FA072D1}.Release|Any CPU.ActiveCfg = Release|Any CPU
		{D29F1907-FDD5-4EA6-BF77-FD290FA072D1}.Release|Any CPU.Build.0 = Release|Any CPU
	EndGlobalSection
	GlobalSection(SolutionProperties) = preSolution
		HideSolutionNode = FALSE
	EndGlobalSection
EndGlobal
